{
  "name": "myapp",
  "version": "1.0.0",
  "lockfileVersion": 2,
  "requires": true,
  "packages": {
    "": {
      "name": "myapp",
      "version": "1.0.0",
      "license": "ISC",
      "dependencies": {
        "@eduardograngeiro/fluentsql": "^2.0.0"
      }
    },
    "node_modules/@eduardograngeiro/fluentsql": {
      "version": "2.0.0",
      "resolved": "https://registry.npmjs.org/@eduardograngeiro/fluentsql/-/fluentsql-2.0.0.tgz",
      "integrity": "sha512-EnIqw+bJH0pWXcpSxZgmDJ7hKXyL3Zx1CpiktldbprCOSR8ylYuKMrQTCk5KUVLmYrWg1odP7zMyTD2ed5y+JA=="
    }
  },
  "dependencies": {
    "@eduardograngeiro/fluentsql": {
      "version": "2.0.0",
      "resolved": "https://registry.npmjs.org/@eduardograngeiro/fluentsql/-/fluentsql-2.0.0.tgz",
      "integrity": "sha512-EnIqw+bJH0pWXcpSxZgmDJ7hKXyL3Zx1CpiktldbprCOSR8ylYuKMrQTCk5KUVLmYrWg1odP7zMyTD2ed5y+JA=="
    }
  }
}
